
Microsoft Visual Studio Solution File, Format Version 12.00
# Visual Studio Version 17
VisualStudioVersion = 17.11.35312.102
MinimumVisualStudioVersion = 10.0.40219.1
Project("{FAE04EC0-301F-11D3-BF4B-00C04F79EFBC}") = "h3", "h3.csproj", "{F2C34BD4-A243-4D86-B581-1C7FEEBDA143}"
EndProject
Global
	GlobalSection(SolutionConfigurationPlatforms) = preSolution
		Debug|Any CPU = Debug|Any CPU
		Release|Any CPU = Release|Any CPU
	EndGlobalSection
	GlobalSection(ProjectConfigurationPlatforms) = postSolution
		{F2C34BD4-A243-4D86-B581-1C7FEEBDA143}.Debug|Any CPU.ActiveCfg = Debug|Any CPU
		{F2C34BD4-A243-4D86-B581-1C7FEEBDA143}.Debug|Any CPU.Build.0 = Debug|Any CPU
		{F2C34BD4-A243-4D86-B581-1C7FEEBDA143}.Release|Any CPU.ActiveCfg = Release|Any CPU
		{F2C34BD4-A243-4D86-B581-1C7FEEBDA143}.Release|Any CPU.Build.0 = Release|Any CPU
	EndGlobalSection
	GlobalSection(SolutionProperties) = preSolution
		HideSolutionNode = FALSE
	EndGlobalSection
	GlobalSection(ExtensibilityGlobals) = postSolution
		SolutionGuid = {3FA1FB80-7693-48C7-982E-0070689442EE}
	EndGlobalSection
EndGlobal
